<?xml version="1.0" encoding="UTF-8" standalone="yes" ?>
<CodeBlocks_project_file>
	<FileVersion major="1" minor="6" />
	<Project>
		<Option title="OpenStrategia" />
		<Option makefile_is_custom="1" />
		<Option pch_mode="2" />
		<Option compiler="gcc" />
		<MakeCommands>
			<Build command="$make -f $makefile $target" />
			<CompileFile command="$make -f $makefile $file" />
			<Clean command="$make -f $makefile clean_$target" />
			<DistClean command="$make -f $makefile distclean$target" />
			<AskRebuildNeeded command="$make -q -f $makefile $target" />
			<SilentBuild command="$make -f $makefile $target &gt; $(CMD_NULL)" />
		</MakeCommands>
		<Build>
			<Target title="release">
				<Option output="bin/Release/OpenStrategia" prefix_auto="1" extension_auto="1" />
				<Option working_dir="bin/Release/" />
				<Option object_output="obj/Release/" />
				<Option type="0" />
				<Option compiler="gcc" />
				<Compiler>
					<Add option="-O3" />
					<Add directory="include" />
				</Compiler>
				<Linker>
					<Add option="-s" />
				</Linker>
				<MakeCommands>
					<Build command="$make -f $makefile $target" />
					<CompileFile command="$make -f $makefile $file" />
					<Clean command="$make -f $makefile clean_$target" />
					<DistClean command="$make -f $makefile distclean$target" />
					<AskRebuildNeeded command="$make -q -f $makefile $target" />
					<SilentBuild command="$make -f $makefile $target &gt; $(CMD_NULL)" />
				</MakeCommands>
			</Target>
			<Target title="debug">
				<Option output="bin/Debug/OpenStrategia" prefix_auto="1" extension_auto="1" />
				<Option working_dir="bin/Debug/" />
				<Option object_output="obj/Debug/" />
				<Option type="0" />
				<Option compiler="gcc" />
				<Compiler>
					<Add option="-g" />
					<Add directory="include" />
				</Compiler>
				<MakeCommands>
					<Build command="$make -f $makefile $target" />
					<CompileFile command="$make -f $makefile $file" />
					<Clean command="$make -f $makefile clean_$target" />
					<DistClean command="$make -f $makefile distclean$target" />
					<AskRebuildNeeded command="$make -q -f $makefile $target" />
					<SilentBuild command="$make -f $makefile $target &gt; $(CMD_NULL)" />
				</MakeCommands>
			</Target>
			<Target title="profile">
				<Option output="bin/Profile/OpenStrategia" prefix_auto="1" extension_auto="1" />
				<Option working_dir="bin/Profile/" />
				<Option object_output="obj/Profile/" />
				<Option type="0" />
				<Option compiler="gcc" />
				<Compiler>
					<Add option="-pg" />
					<Add directory="include" />
				</Compiler>
				<Linker>
					<Add option="-pg -lgmon" />
					<Add option="-pg" />
				</Linker>
				<MakeCommands>
					<Build command="$make -f $makefile $target" />
					<CompileFile command="$make -f $makefile $file" />
					<Clean command="$make -f $makefile clean_$target" />
					<DistClean command="$make -f $makefile distclean$target" />
					<AskRebuildNeeded command="$make -q -f $makefile $target" />
					<SilentBuild command="$make -f $makefile $target &gt; $(CMD_NULL)" />
				</MakeCommands>
			</Target>
		</Build>
		<Compiler>
			<Add option="-Wnon-virtual-dtor" />
			<Add option="-Winit-self" />
			<Add option="-Wredundant-decls" />
			<Add option="-Wcast-align" />
			<Add option="-Winline" />
			<Add option="-Wunreachable-code" />
			<Add option="-Wmissing-declarations" />
			<Add option="-Wmissing-include-dirs" />
			<Add option="-Wswitch-enum" />
			<Add option="-Wswitch-default" />
			<Add option="-Weffc++" />
			<Add option="-Wmain" />
			<Add option="-std=c++11" />
			<Add option="-Wfatal-errors" />
			<Add option="-Wextra" />
			<Add option="-Wall" />
		</Compiler>
		<Linker>
			<Add library="glfw3" />
		</Linker>
		<Unit filename="Makefile" />
		<Unit filename="bin/release/shaders/2D.fragment.glsl" />
		<Unit filename="bin/release/shaders/2D.vertex.glsl" />
		<Unit filename="bin/release/shaders/basic.fragment.glsl" />
		<Unit filename="bin/release/shaders/basic.vertex.glsl" />
		<Unit filename="bin/release/shaders/blinn.fragment.glsl" />
		<Unit filename="bin/release/shaders/blinn.vertex.glsl" />
		<Unit filename="bin/release/shaders/phong.fragment.glsl" />
		<Unit filename="bin/release/shaders/phong.vertex.glsl" />
		<Unit filename="include/Button.hpp" />
		<Unit filename="include/Camera.hpp" />
		<Unit filename="include/Checkbox.hpp" />
		<Unit filename="include/Font.hpp" />
		<Unit filename="include/Global.hpp" />
		<Unit filename="include/Image.hpp" />
		<Unit filename="include/Main.hpp" />
		<Unit filename="include/MultiButton.hpp" />
		<Unit filename="include/Program.hpp" />
		<Unit filename="include/Program/Shader.hpp" />
		<Unit filename="include/RenderObject.hpp" />
		<Unit filename="include/RenderObject2D.hpp" />
		<Unit filename="include/RenderObject3D.hpp" />
		<Unit filename="include/Slider.hpp" />
		<Unit filename="include/Text.hpp" />
		<Unit filename="include/Text/Character.hpp" />
		<Unit filename="include/Text/LineBreak.hpp" />
		<Unit filename="include/Texture.hpp" />
		<Unit filename="include/Texture/TextureBMP.hpp" />
		<Unit filename="include/Texture/TextureBridge.hpp" />
		<Unit filename="include/Texture/TextureDDS.hpp" />
		<Unit filename="src/Button.tpp" />
		<Unit filename="src/Camera.cpp" />
		<Unit filename="src/Checkbox.cpp" />
		<Unit filename="src/Font.cpp" />
		<Unit filename="src/Image.cpp" />
		<Unit filename="src/Main.cpp" />
		<Unit filename="src/MultiButton.tpp" />
		<Unit filename="src/Program.cpp" />
		<Unit filename="src/Program/Shader.cpp" />
		<Unit filename="src/RenderObject.cpp" />
		<Unit filename="src/RenderObject2D.cpp" />
		<Unit filename="src/RenderObject3D.cpp" />
		<Unit filename="src/Slider.cpp" />
		<Unit filename="src/Text.cpp" />
		<Unit filename="src/Text/Character.cpp" />
		<Unit filename="src/Text/LineBreak.cpp" />
		<Unit filename="src/Texture.cpp" />
		<Unit filename="src/Texture/TextureBMP.cpp" />
		<Unit filename="src/Texture/TextureBridge.cpp" />
		<Unit filename="src/Texture/TextureDDS.cpp" />
		<Extensions>
			<code_completion />
			<envvars />
			<debugger />
			<lib_finder disable_auto="1" />
			<DoxyBlocks>
				<comment_style block="0" line="0" />
				<doxyfile_project />
				<doxyfile_build />
				<doxyfile_warnings warn_if_undocumented="1" />
				<doxyfile_output />
				<doxyfile_dot class_diagrams="1" have_dot="1" />
				<general />
			</DoxyBlocks>
		</Extensions>
	</Project>
</CodeBlocks_project_file>
